
Microsoft Visual Studio Solution File, Format Version 12.00
# Visual Studio Version 17
VisualStudioVersion = 17.11.35303.130
MinimumVisualStudioVersion = 10.0.40219.1
Project("{FAE04EC0-301F-11D3-BF4B-00C04F79EFBC}") = "Ders1", "Ders1\Ders1.csproj", "{0B99F6B0-4CAC-4424-AACA-B03EDB6274EE}"
EndProject
Project("{FAE04EC0-301F-11D3-BF4B-00C04F79EFBC}") = "VeriTipleri", "VeriTipleri\VeriTipleri.csproj", "{3CEA28E2-AC15-4895-8C31-98704750167F}"
EndProject
Project("{FAE04EC0-301F-11D3-BF4B-00C04F79EFBC}") = "Operatorler", "Operatorler\Operatorler.csproj", "{BCE17278-B6D6-4012-B1AB-663DB58415DA}"
EndProject
Project("{FAE04EC0-301F-11D3-BF4B-00C04F79EFBC}") = "C# Kontrol Yapıları", "C# Kontrol Yapıları\C# Kontrol Yapıları.csproj", "{2BCD651A-A56F-4F87-9DEA-90163DA1F0E9}"
EndProject
Project("{FAE04EC0-301F-11D3-BF4B-00C04F79EFBC}") = "SwitchCase", "SwitchCase\SwitchCase.csproj", "{2D8FB88E-3017-45D0-8BC0-465F269C4A61}"
EndProject
Project("{FAE04EC0-301F-11D3-BF4B-00C04F79EFBC}") = "ForDongusu", "ForDongusu\ForDongusu.csproj", "{BBEEA612-50E0-4BAC-ADDC-B2363C38A195}"
EndProject
Project("{FAE04EC0-301F-11D3-BF4B-00C04F79EFBC}") = "Diziler", "Diziler\Diziler.csproj", "{C04A60AB-27D4-472C-A07F-303A50A5990F}"
EndProject
Global
	GlobalSection(SolutionConfigurationPlatforms) = preSolution
		Debug|Any CPU = Debug|Any CPU
		Release|Any CPU = Release|Any CPU
	EndGlobalSection
	GlobalSection(ProjectConfigurationPlatforms) = postSolution
		{0B99F6B0-4CAC-4424-AACA-B03EDB6274EE}.Debug|Any CPU.ActiveCfg = Debug|Any CPU
		{0B99F6B0-4CAC-4424-AACA-B03EDB6274EE}.Debug|Any CPU.Build.0 = Debug|Any CPU
		{0B99F6B0-4CAC-4424-AACA-B03EDB6274EE}.Release|Any CPU.ActiveCfg = Release|Any CPU
		{0B99F6B0-4CAC-4424-AACA-B03EDB6274EE}.Release|Any CPU.Build.0 = Release|Any CPU
		{3CEA28E2-AC15-4895-8C31-98704750167F}.Debug|Any CPU.ActiveCfg = Debug|Any CPU
		{3CEA28E2-AC15-4895-8C31-98704750167F}.Debug|Any CPU.Build.0 = Debug|Any CPU
		{3CEA28E2-AC15-4895-8C31-98704750167F}.Release|Any CPU.ActiveCfg = Release|Any CPU
		{3CEA28E2-AC15-4895-8C31-98704750167F}.Release|Any CPU.Build.0 = Release|Any CPU
		{BCE17278-B6D6-4012-B1AB-663DB58415DA}.Debug|Any CPU.ActiveCfg = Debug|Any CPU
		{BCE17278-B6D6-4012-B1AB-663DB58415DA}.Debug|Any CPU.Build.0 = Debug|Any CPU
		{BCE17278-B6D6-4012-B1AB-663DB58415DA}.Release|Any CPU.ActiveCfg = Release|Any CPU
		{BCE17278-B6D6-4012-B1AB-663DB58415DA}.Release|Any CPU.Build.0 = Release|Any CPU
		{2BCD651A-A56F-4F87-9DEA-90163DA1F0E9}.Debug|Any CPU.ActiveCfg = Debug|Any CPU
		{2BCD651A-A56F-4F87-9DEA-90163DA1F0E9}.Debug|Any CPU.Build.0 = Debug|Any CPU
		{2BCD651A-A56F-4F87-9DEA-90163DA1F0E9}.Release|Any CPU.ActiveCfg = Release|Any CPU
		{2BCD651A-A56F-4F87-9DEA-90163DA1F0E9}.Release|Any CPU.Build.0 = Release|Any CPU
		{2D8FB88E-3017-45D0-8BC0-465F269C4A61}.Debug|Any CPU.ActiveCfg = Debug|Any CPU
		{2D8FB88E-3017-45D0-8BC0-465F269C4A61}.Debug|Any CPU.Build.0 = Debug|Any CPU
		{2D8FB88E-3017-45D0-8BC0-465F269C4A61}.Release|Any CPU.ActiveCfg = Release|Any CPU
		{2D8FB88E-3017-45D0-8BC0-465F269C4A61}.Release|Any CPU.Build.0 = Release|Any CPU
		{BBEEA612-50E0-4BAC-ADDC-B2363C38A195}.Debug|Any CPU.ActiveCfg = Debug|Any CPU
		{BBEEA612-50E0-4BAC-ADDC-B2363C38A195}.Debug|Any CPU.Build.0 = Debug|Any CPU
		{BBEEA612-50E0-4BAC-ADDC-B2363C38A195}.Release|Any CPU.ActiveCfg = Release|Any CPU
		{BBEEA612-50E0-4BAC-ADDC-B2363C38A195}.Release|Any CPU.Build.0 = Release|Any CPU
		{C04A60AB-27D4-472C-A07F-303A50A5990F}.Debug|Any CPU.ActiveCfg = Debug|Any CPU
		{C04A60AB-27D4-472C-A07F-303A50A5990F}.Debug|Any CPU.Build.0 = Debug|Any CPU
		{C04A60AB-27D4-472C-A07F-303A50A5990F}.Release|Any CPU.ActiveCfg = Release|Any CPU
		{C04A60AB-27D4-472C-A07F-303A50A5990F}.Release|Any CPU.Build.0 = Release|Any CPU
	EndGlobalSection
	GlobalSection(SolutionProperties) = preSolution
		HideSolutionNode = FALSE
	EndGlobalSection
	GlobalSection(ExtensibilityGlobals) = postSolution
		SolutionGuid = {BC7B14B1-FA06-4DF0-A6AD-E82449709C17}
	EndGlobalSection
EndGlobal
